// !$*UTF8*$!
{
	archiveVersion = 1;
	classes = {
	};
	objectVersion = 56;
	objects = {

/* Begin PBXBuildFile section */
		5541D0C72FE5BED700831BD3 /* _macosx.m in Sources */ = {isa = PBXBuildFile; fileRef = 555111702FD9D518005F654C /* _macosx.m */; };
		5551118B2FDB0E87005F654C /* MPLUtils.m in Sources */ = {isa = PBXBuildFile; fileRef = 5551117F2FD9EE4A005F654C /* MPLUtils.m */; };
		5551118C2FDB0E8A005F654C /* MPLAppDelegate.m in Sources */ = {isa = PBXBuildFile; fileRef = 5551116B2FD9D467005F654C /* MPLAppDelegate.m */; };
		5551118D2FDB0E8C005F654C /* MPLFigureCanvas.m in Sources */ = {isa = PBXBuildFile; fileRef = 5551116E2FD9D4BF005F654C /* MPLFigureCanvas.m */; };
		5551118E2FDB0E8E005F654C /* MPLFigureManager.m in Sources */ = {isa = PBXBuildFile; fileRef = 555111732FD9D7DB005F654C /* MPLFigureManager.m */; };
		558CF5982FF1B0730077012B /* MPLNavigationToolbar2.h in Headers */ = {isa = PBXBuildFile; fileRef = 558CF5962FF1B0730077012B /* MPLNavigationToolbar2.h */; };
		558CF5992FF1B0730077012B /* MPLNavigationToolbar2.m in Sources */ = {isa = PBXBuildFile; fileRef = 558CF5972FF1B0730077012B /* MPLNavigationToolbar2.m */; };
/* End PBXBuildFile section */

/* Begin PBXFileReference section */
		5551116A2FD9D467005F654C /* MPLAppDelegate.h */ = {isa = PBXFileReference; lastKnownFileType = sourcecode.c.h; path = MPLAppDelegate.h; sourceTree = "<group>"; };
		5551116B2FD9D467005F654C /* MPLAppDelegate.m */ = {isa = PBXFileReference; lastKnownFileType = sourcecode.c.objc; path = MPLAppDelegate.m; sourceTree = "<group>"; };
		5551116D2FD9D4BF005F654C /* MPLFigureCanvas.h */ = {isa = PBXFileReference; lastKnownFileType = sourcecode.c.h; path = MPLFigureCanvas.h; sourceTree = "<group>"; };
		5551116E2FD9D4BF005F654C /* MPLFigureCanvas.m */ = {isa = PBXFileReference; lastKnownFileType = sourcecode.c.objc; path = MPLFigureCanvas.m; sourceTree = "<group>"; };
		555111702FD9D518005F654C /* _macosx.m */ = {isa = PBXFileReference; fileEncoding = 4; lastKnownFileType = sourcecode.c.objc; path = _macosx.m; sourceTree = "<group>"; };
		555111722FD9D7DB005F654C /* MPLFigureManager.h */ = {isa = PBXFileReference; fileEncoding = 4; lastKnownFileType = sourcecode.c.h; path = MPLFigureManager.h; sourceTree = "<group>"; };
		555111732FD9D7DB005F654C /* MPLFigureManager.m */ = {isa = PBXFileReference; fileEncoding = 4; lastKnownFileType = sourcecode.c.objc; path = MPLFigureManager.m; sourceTree = "<group>"; };
		555111762FD9E6A8005F654C /* Python3.framework */ = {isa = PBXFileReference; lastKnownFileType = wrapper.framework; name = Python3.framework; path = Library/Frameworks/Python3.framework; sourceTree = DEVELOPER_DIR; };
		555111782FD9E6B9005F654C /* Python.framework */ = {isa = PBXFileReference; lastKnownFileType = wrapper.framework; name = Python.framework; path = ../../../../../../Library/Frameworks/Python.framework; sourceTree = "<group>"; };
		5551117E2FD9EE4A005F654C /* MPLUtils.h */ = {isa = PBXFileReference; lastKnownFileType = sourcecode.c.h; path = MPLUtils.h; sourceTree = "<group>"; };
		5551117F2FD9EE4A005F654C /* MPLUtils.m */ = {isa = PBXFileReference; lastKnownFileType = sourcecode.c.objc; path = MPLUtils.m; sourceTree = "<group>"; };
		555111822FD9F032005F654C /* meson.build */ = {isa = PBXFileReference; fileEncoding = 4; lastKnownFileType = text; path = meson.build; sourceTree = "<group>"; };
		555111872FDB0E6C005F654C /* libLibrary.dylib */ = {isa = PBXFileReference; explicitFileType = "compiled.mach-o.dylib"; includeInIndex = 0; path = libLibrary.dylib; sourceTree = BUILT_PRODUCTS_DIR; };
		558CF5962FF1B0730077012B /* MPLNavigationToolbar2.h */ = {isa = PBXFileReference; fileEncoding = 4; lastKnownFileType = sourcecode.c.h; path = MPLNavigationToolbar2.h; sourceTree = "<group>"; };
		558CF5972FF1B0730077012B /* MPLNavigationToolbar2.m */ = {isa = PBXFileReference; fileEncoding = 4; lastKnownFileType = sourcecode.c.objc; path = MPLNavigationToolbar2.m; sourceTree = "<group>"; };
/* End PBXFileReference section */

/* Begin PBXFrameworksBuildPhase section */
		555111852FDB0E6C005F654C /* Frameworks */ = {
			isa = PBXFrameworksBuildPhase;
			buildActionMask = 2147483647;
			files = (
			);
			runOnlyForDeploymentPostprocessing = 0;
		};
/* End PBXFrameworksBuildPhase section */

/* Begin PBXGroup section */
		555111532FD9D43D005F654C = {
			isa = PBXGroup;
			children = (
				555111802FD9F025005F654C /* Build */,
				555111662FD9D445005F654C /* Source */,
				5551115D2FD9D43D005F654C /* Products */,
				555111752FD9E6A8005F654C /* Frameworks */,
			);
			sourceTree = "<group>";
		};
		5551115D2FD9D43D005F654C /* Products */ = {
			isa = PBXGroup;
			children = (
				555111872FDB0E6C005F654C /* libLibrary.dylib */,
			);
			name = Products;
			sourceTree = "<group>";
		};
		555111662FD9D445005F654C /* Source */ = {
			isa = PBXGroup;
			children = (
				5551117E2FD9EE4A005F654C /* MPLUtils.h */,
				5551117F2FD9EE4A005F654C /* MPLUtils.m */,
				5551116A2FD9D467005F654C /* MPLAppDelegate.h */,
				5551116B2FD9D467005F654C /* MPLAppDelegate.m */,
				555111722FD9D7DB005F654C /* MPLFigureManager.h */,
				555111732FD9D7DB005F654C /* MPLFigureManager.m */,
				5551116D2FD9D4BF005F654C /* MPLFigureCanvas.h */,
				5551116E2FD9D4BF005F654C /* MPLFigureCanvas.m */,
				558CF5962FF1B0730077012B /* MPLNavigationToolbar2.h */,
				558CF5972FF1B0730077012B /* MPLNavigationToolbar2.m */,
				555111702FD9D518005F654C /* _macosx.m */,
			);
			name = Source;
			sourceTree = "<group>";
		};
		555111752FD9E6A8005F654C /* Frameworks */ = {
			isa = PBXGroup;
			children = (
				555111782FD9E6B9005F654C /* Python.framework */,
				555111762FD9E6A8005F654C /* Python3.framework */,
			);
			name = Frameworks;
			sourceTree = "<group>";
		};
		555111802FD9F025005F654C /* Build */ = {
			isa = PBXGroup;
			children = (
				555111822FD9F032005F654C /* meson.build */,
			);
			name = Build;
			sourceTree = "<group>";
		};
/* End PBXGroup section */

/* Begin PBXHeadersBuildPhase section */
		555111832FDB0E6C005F654C /* Headers */ = {
			isa = PBXHeadersBuildPhase;
			buildActionMask = 2147483647;
			files = (
				558CF5982FF1B0730077012B /* MPLNavigationToolbar2.h in Headers */,
			);
			runOnlyForDeploymentPostprocessing = 0;
		};
/* End PBXHeadersBuildPhase section */

/* Begin PBXNativeTarget section */
		555111862FDB0E6C005F654C /* Library */ = {
			isa = PBXNativeTarget;
			buildConfigurationList = 555111882FDB0E6C005F654C /* Build configuration list for PBXNativeTarget "Library" */;
			buildPhases = (
				555111832FDB0E6C005F654C /* Headers */,
				555111842FDB0E6C005F654C /* Sources */,
				555111852FDB0E6C005F654C /* Frameworks */,
			);
			buildRules = (
			);
			dependencies = (
			);
			name = Library;
			productName = Library;
			productReference = 555111872FDB0E6C005F654C /* libLibrary.dylib */;
			productType = "com.apple.product-type.library.dynamic";
		};
/* End PBXNativeTarget section */

/* Begin PBXProject section */
		555111542FD9D43D005F654C /* Project object */ = {
			isa = PBXProject;
			attributes = {
				BuildIndependentTargetsInParallel = 1;
				LastUpgradeCheck = 1540;
				TargetAttributes = {
					555111862FDB0E6C005F654C = {
						CreatedOnToolsVersion = 15.4;
					};
				};
			};
			buildConfigurationList = 555111572FD9D43D005F654C /* Build configuration list for PBXProject "macosx" */;
			compatibilityVersion = "Xcode 14.0";
			developmentRegion = en;
			hasScannedForEncodings = 0;
			knownRegions = (
				en,
				Base,
			);
			mainGroup = 555111532FD9D43D005F654C;
			productRefGroup = 5551115D2FD9D43D005F654C /* Products */;
			projectDirPath = "";
			projectRoot = "";
			targets = (
				555111862FDB0E6C005F654C /* Library */,
			);
		};
/* End PBXProject section */

/* Begin PBXSourcesBuildPhase section */
		555111842FDB0E6C005F654C /* Sources */ = {
			isa = PBXSourcesBuildPhase;
			buildActionMask = 2147483647;
			files = (
				5541D0C72FE5BED700831BD3 /* _macosx.m in Sources */,
				5551118C2FDB0E8A005F654C /* MPLAppDelegate.m in Sources */,
				5551118B2FDB0E87005F654C /* MPLUtils.m in Sources */,
				5551118D2FDB0E8C005F654C /* MPLFigureCanvas.m in Sources */,
				558CF5992FF1B0730077012B /* MPLNavigationToolbar2.m in Sources */,
				5551118E2FDB0E8E005F654C /* MPLFigureManager.m in Sources */,
			);
			runOnlyForDeploymentPostprocessing = 0;
		};
/* End PBXSourcesBuildPhase section */

/* Begin XCBuildConfiguration section */
		555111612FD9D43D005F654C /* Debug */ = {
			isa = XCBuildConfiguration;
			buildSettings = {
				ALWAYS_SEARCH_USER_PATHS = NO;
				ASSETCATALOG_COMPILER_GENERATE_SWIFT_ASSET_SYMBOL_EXTENSIONS = YES;
				CLANG_ANALYZER_NONNULL = YES;
				CLANG_ANALYZER_NUMBER_OBJECT_CONVERSION = YES_AGGRESSIVE;
				CLANG_CXX_LANGUAGE_STANDARD = "gnu++20";
				CLANG_ENABLE_MODULES = YES;
				CLANG_ENABLE_OBJC_ARC = YES;
				CLANG_ENABLE_OBJC_WEAK = YES;
				CLANG_WARN_BLOCK_CAPTURE_AUTORELEASING = YES;
				CLANG_WARN_BOOL_CONVERSION = YES;
				CLANG_WARN_COMMA = YES;
				CLANG_WARN_CONSTANT_CONVERSION = YES;
				CLANG_WARN_DEPRECATED_OBJC_IMPLEMENTATIONS = YES;
				CLANG_WARN_DIRECT_OBJC_ISA_USAGE = YES_ERROR;
				CLANG_WARN_DOCUMENTATION_COMMENTS = YES;
				CLANG_WARN_EMPTY_BODY = YES;
				CLANG_WARN_ENUM_CONVERSION = YES;
				CLANG_WARN_INFINITE_RECURSION = YES;
				CLANG_WARN_INT_CONVERSION = YES;
				CLANG_WARN_NON_LITERAL_NULL_CONVERSION = YES;
				CLANG_WARN_OBJC_IMPLICIT_RETAIN_SELF = YES;
				CLANG_WARN_OBJC_LITERAL_CONVERSION = YES;
				CLANG_WARN_OBJC_ROOT_CLASS = YES_ERROR;
				CLANG_WARN_QUOTED_INCLUDE_IN_FRAMEWORK_HEADER = YES;
				CLANG_WARN_RANGE_LOOP_ANALYSIS = YES;
				CLANG_WARN_STRICT_PROTOTYPES = YES;
				CLANG_WARN_SUSPICIOUS_MOVE = YES;
				CLANG_WARN_UNGUARDED_AVAILABILITY = YES_AGGRESSIVE;
				CLANG_WARN_UNREACHABLE_CODE = YES;
				CLANG_WARN__DUPLICATE_METHOD_MATCH = YES;
				COPY_PHASE_STRIP = NO;
				DEBUG_INFORMATION_FORMAT = dwarf;
				ENABLE_STRICT_OBJC_MSGSEND = YES;
				ENABLE_TESTABILITY = YES;
				ENABLE_USER_SCRIPT_SANDBOXING = YES;
				GCC_C_LANGUAGE_STANDARD = gnu17;
				GCC_DYNAMIC_NO_PIC = NO;
				GCC_NO_COMMON_BLOCKS = YES;
				GCC_OPTIMIZATION_LEVEL = 0;
				GCC_PREPROCESSOR_DEFINITIONS = (
					"DEBUG=1",
					"$(inherited)",
				);
				GCC_WARN_64_TO_32_BIT_CONVERSION = YES;
				GCC_WARN_ABOUT_RETURN_TYPE = YES_ERROR;
				GCC_WARN_UNDECLARED_SELECTOR = YES;
				GCC_WARN_UNINITIALIZED_AUTOS = YES_AGGRESSIVE;
				GCC_WARN_UNUSED_FUNCTION = YES;
				GCC_WARN_UNUSED_VARIABLE = YES;
				LOCALIZATION_PREFERS_STRING_CATALOGS = YES;
				MACOSX_DEPLOYMENT_TARGET = 10.14;
				MTL_ENABLE_DEBUG_INFO = INCLUDE_SOURCE;
				MTL_FAST_MATH = YES;
				ONLY_ACTIVE_ARCH = YES;
				SDKROOT = macosx;
			};
			name = Debug;
		};
		555111622FD9D43D005F654C /* Release */ = {
			isa = XCBuildConfiguration;
			buildSettings = {
				ALWAYS_SEARCH_USER_PATHS = NO;
				ASSETCATALOG_COMPILER_GENERATE_SWIFT_ASSET_SYMBOL_EXTENSIONS = YES;
				CLANG_ANALYZER_NONNULL = YES;
				CLANG_ANALYZER_NUMBER_OBJECT_CONVERSION = YES_AGGRESSIVE;
				CLANG_CXX_LANGUAGE_STANDARD = "gnu++20";
				CLANG_ENABLE_MODULES = YES;
				CLANG_ENABLE_OBJC_ARC = YES;
				CLANG_ENABLE_OBJC_WEAK = YES;
				CLANG_WARN_BLOCK_CAPTURE_AUTORELEASING = YES;
				CLANG_WARN_BOOL_CONVERSION = YES;
				CLANG_WARN_COMMA = YES;
				CLANG_WARN_CONSTANT_CONVERSION = YES;
				CLANG_WARN_DEPRECATED_OBJC_IMPLEMENTATIONS = YES;
				CLANG_WARN_DIRECT_OBJC_ISA_USAGE = YES_ERROR;
				CLANG_WARN_DOCUMENTATION_COMMENTS = YES;
				CLANG_WARN_EMPTY_BODY = YES;
				CLANG_WARN_ENUM_CONVERSION = YES;
				CLANG_WARN_INFINITE_RECURSION = YES;
				CLANG_WARN_INT_CONVERSION = YES;
				CLANG_WARN_NON_LITERAL_NULL_CONVERSION = YES;
				CLANG_WARN_OBJC_IMPLICIT_RETAIN_SELF = YES;
				CLANG_WARN_OBJC_LITERAL_CONVERSION = YES;
				CLANG_WARN_OBJC_ROOT_CLASS = YES_ERROR;
				CLANG_WARN_QUOTED_INCLUDE_IN_FRAMEWORK_HEADER = YES;
				CLANG_WARN_RANGE_LOOP_ANALYSIS = YES;
				CLANG_WARN_STRICT_PROTOTYPES = YES;
				CLANG_WARN_SUSPICIOUS_MOVE = YES;
				CLANG_WARN_UNGUARDED_AVAILABILITY = YES_AGGRESSIVE;
				CLANG_WARN_UNREACHABLE_CODE = YES;
				CLANG_WARN__DUPLICATE_METHOD_MATCH = YES;
				COPY_PHASE_STRIP = NO;
				DEBUG_INFORMATION_FORMAT = "dwarf-with-dsym";
				ENABLE_NS_ASSERTIONS = NO;
				ENABLE_STRICT_OBJC_MSGSEND = YES;
				ENABLE_USER_SCRIPT_SANDBOXING = YES;
				GCC_C_LANGUAGE_STANDARD = gnu17;
				GCC_NO_COMMON_BLOCKS = YES;
				GCC_WARN_64_TO_32_BIT_CONVERSION = YES;
				GCC_WARN_ABOUT_RETURN_TYPE = YES_ERROR;
				GCC_WARN_UNDECLARED_SELECTOR = YES;
				GCC_WARN_UNINITIALIZED_AUTOS = YES_AGGRESSIVE;
				GCC_WARN_UNUSED_FUNCTION = YES;
				GCC_WARN_UNUSED_VARIABLE = YES;
				LOCALIZATION_PREFERS_STRING_CATALOGS = YES;
				MACOSX_DEPLOYMENT_TARGET = 10.14;
				MTL_ENABLE_DEBUG_INFO = NO;
				MTL_FAST_MATH = YES;
				SDKROOT = macosx;
			};
			name = Release;
		};
		555111892FDB0E6C005F654C /* Debug */ = {
			isa = XCBuildConfiguration;
			buildSettings = {
				CLANG_WARN_QUOTED_INCLUDE_IN_FRAMEWORK_HEADER = NO;
				CODE_SIGN_STYLE = Automatic;
				DYLIB_COMPATIBILITY_VERSION = 1;
				DYLIB_CURRENT_VERSION = 1;
				EXECUTABLE_PREFIX = lib;
				FRAMEWORK_SEARCH_PATHS = /Library/Frameworks;
				HEADER_SEARCH_PATHS = /Library/Frameworks/Python.framework/Versions/Current/Headers;
				OTHER_LDFLAGS = (
					"-framework",
					Python,
				);
				PRODUCT_NAME = "$(TARGET_NAME)";
				SKIP_INSTALL = YES;
				SYSTEM_HEADER_SEARCH_PATHS = /Library/Frameworks/Python.framework/Versions/Current/Headers;
			};
			name = Debug;
		};
		5551118A2FDB0E6C005F654C /* Release */ = {
			isa = XCBuildConfiguration;
			buildSettings = {
				CLANG_WARN_QUOTED_INCLUDE_IN_FRAMEWORK_HEADER = NO;
				CODE_SIGN_STYLE = Automatic;
				DYLIB_COMPATIBILITY_VERSION = 1;
				DYLIB_CURRENT_VERSION = 1;
				EXECUTABLE_PREFIX = lib;
				FRAMEWORK_SEARCH_PATHS = /Library/Frameworks;
				HEADER_SEARCH_PATHS = /Library/Frameworks/Python.framework/Versions/Current/Headers;
				OTHER_LDFLAGS = (
					"-framework",
					Python,
				);
				PRODUCT_NAME = "$(TARGET_NAME)";
				SKIP_INSTALL = YES;
				SYSTEM_HEADER_SEARCH_PATHS = /Library/Frameworks/Python.framework/Versions/Current/Headers;
			};
			name = Release;
		};
/* End XCBuildConfiguration section */

/* Begin XCConfigurationList section */
		555111572FD9D43D005F654C /* Build configuration list for PBXProject "macosx" */ = {
			isa = XCConfigurationList;
			buildConfigurations = (
				555111612FD9D43D005F654C /* Debug */,
				555111622FD9D43D005F654C /* Release */,
			);
			defaultConfigurationIsVisible = 0;
			defaultConfigurationName = Release;
		};
		555111882FDB0E6C005F654C /* Build configuration list for PBXNativeTarget "Library" */ = {
			isa = XCConfigurationList;
			buildConfigurations = (
				555111892FDB0E6C005F654C /* Debug */,
				5551118A2FDB0E6C005F654C /* Release */,
			);
			defaultConfigurationIsVisible = 0;
			defaultConfigurationName = Release;
		};
/* End XCConfigurationList section */
	};
	rootObject = 555111542FD9D43D005F654C /* Project object */;
}
